
Microsoft Visual Studio Solution File, Format Version 12.00
# Visual Studio 15
VisualStudioVersion = 15.0.28307.438
MinimumVisualStudioVersion = 10.0.40219.1
Project("{8BC9CEB8-8B4A-11D0-8D11-00A0C91BC942}") = "Lab3_v1", "Lab3_v1\Lab3_v1.vcxproj", "{4AC1CEF7-F9BA-4C6C-835B-9F569398AB5D}"
EndProject
Project("{8BC9CEB8-8B4A-11D0-8D11-00A0C91BC942}") = "Test", "Test\Test.vcxproj", "{22B803BF-308A-4D1C-AA50-8F7AB74A12BE}"
EndProject
Global
	GlobalSection(SolutionConfigurationPlatforms) = preSolution
		Debug|x64 = Debug|x64
		Debug|x86 = Debug|x86
		Release|x64 = Release|x64
		Release|x86 = Release|x86
	EndGlobalSection
	GlobalSection(ProjectConfigurationPlatforms) = postSolution
		{4AC1CEF7-F9BA-4C6C-835B-9F569398AB5D}.Debug|x64.ActiveCfg = Debug|x64
		{4AC1CEF7-F9BA-4C6C-835B-9F569398AB5D}.Debug|x64.Build.0 = Debug|x64
		{4AC1CEF7-F9BA-4C6C-835B-9F569398AB5D}.Debug|x86.ActiveCfg = Debug|Win32
		{4AC1CEF7-F9BA-4C6C-835B-9F569398AB5D}.Debug|x86.Build.0 = Debug|Win32
		{4AC1CEF7-F9BA-4C6C-835B-9F569398AB5D}.Release|x64.ActiveCfg = Release|x64
		{4AC1CEF7-F9BA-4C6C-835B-9F569398AB5D}.Release|x64.Build.0 = Release|x64
		{4AC1CEF7-F9BA-4C6C-835B-9F569398AB5D}.Release|x86.ActiveCfg = Release|Win32
		{4AC1CEF7-F9BA-4C6C-835B-9F569398AB5D}.Release|x86.Build.0 = Release|Win32
		{22B803BF-308A-4D1C-AA50-8F7AB74A12BE}.Debug|x64.ActiveCfg = Debug|x64
		{22B803BF-308A-4D1C-AA50-8F7AB74A12BE}.Debug|x64.Build.0 = Debug|x64
		{22B803BF-308A-4D1C-AA50-8F7AB74A12BE}.Debug|x86.ActiveCfg = Debug|Win32
		{22B803BF-308A-4D1C-AA50-8F7AB74A12BE}.Debug|x86.Build.0 = Debug|Win32
		{22B803BF-308A-4D1C-AA50-8F7AB74A12BE}.Release|x64.ActiveCfg = Release|x64
		{22B803BF-308A-4D1C-AA50-8F7AB74A12BE}.Release|x64.Build.0 = Release|x64
		{22B803BF-308A-4D1C-AA50-8F7AB74A12BE}.Release|x86.ActiveCfg = Release|Win32
		{22B803BF-308A-4D1C-AA50-8F7AB74A12BE}.Release|x86.Build.0 = Release|Win32
	EndGlobalSection
	GlobalSection(SolutionProperties) = preSolution
		HideSolutionNode = FALSE
	EndGlobalSection
	GlobalSection(ExtensibilityGlobals) = postSolution
		SolutionGuid = {99142191-265A-48D3-B36F-B3A5A48EDD01}
	EndGlobalSection
EndGlobal
